
Microsoft Visual Studio Solution File, Format Version 12.00
# Visual Studio Version 16
VisualStudioVersion = 16.0.29728.190
MinimumVisualStudioVersion = 10.0.40219.1
Project("{FAE04EC0-301F-11D3-BF4B-00C04F79EFBC}") = "Nizovi", "Nizovi.csproj", "{B1618EB8-F9CA-4867-B136-CC0701856987}"
EndProject
Global
	GlobalSection(SolutionConfigurationPlatforms) = preSolution
		Debug|Any CPU = Debug|Any CPU
		Release|Any CPU = Release|Any CPU
	EndGlobalSection
	GlobalSection(ProjectConfigurationPlatforms) = postSolution
		{B1618EB8-F9CA-4867-B136-CC0701856987}.Debug|Any CPU.ActiveCfg = Debug|Any CPU
		{B1618EB8-F9CA-4867-B136-CC0701856987}.Debug|Any CPU.Build.0 = Debug|Any CPU
		{B1618EB8-F9CA-4867-B136-CC0701856987}.Release|Any CPU.ActiveCfg = Release|Any CPU
		{B1618EB8-F9CA-4867-B136-CC0701856987}.Release|Any CPU.Build.0 = Release|Any CPU
	EndGlobalSection
	GlobalSection(SolutionProperties) = preSolution
		HideSolutionNode = FALSE
	EndGlobalSection
	GlobalSection(ExtensibilityGlobals) = postSolution
		SolutionGuid = {98125C82-31A7-462C-950D-C11763C015FA}
	EndGlobalSection
EndGlobal
